// !$*UTF8*$!
{
	archiveVersion = 1;
	classes = {
	};
	objectVersion = 46;
	objects = {

/* Begin PBXBuildFile section */
		5327A6F014E180D7006742D7 /* UIKit.framework in Frameworks */ = {isa = PBXBuildFile; fileRef = 5327A6EF14E180D7006742D7 /* UIKit.framework */; };
		5327A6F214E180D7006742D7 /* Foundation.framework in Frameworks */ = {isa = PBXBuildFile; fileRef = 5327A6F114E180D7006742D7 /* Foundation.framework */; };
		5327A6F414E180D7006742D7 /* CoreGraphics.framework in Frameworks */ = {isa = PBXBuildFile; fileRef = 5327A6F314E180D7006742D7 /* CoreGraphics.framework */; };
		5327A6FA14E180D7006742D7 /* InfoPlist.strings in Resources */ = {isa = PBXBuildFile; fileRef = 5327A6F814E180D7006742D7 /* InfoPlist.strings */; };
		5327A6FC14E180D7006742D7 /* main.m in Sources */ = {isa = PBXBuildFile; fileRef = 5327A6FB14E180D7006742D7 /* main.m */; };
		5327A70014E180D7006742D7 /* AppDelegate.m in Sources */ = {isa = PBXBuildFile; fileRef = 5327A6FF14E180D7006742D7 /* AppDelegate.m */; };
		5327A70914E1812D006742D7 /* ViewController.m in Sources */ = {isa = PBXBuildFile; fileRef = 5327A70714E1812D006742D7 /* ViewController.m */; };
		5327A70A14E1812D006742D7 /* ViewController.xib in Resources */ = {isa = PBXBuildFile; fileRef = 5327A70814E1812D006742D7 /* ViewController.xib */; };
		5327A72314E1825D006742D7 /* ASIAuthenticationDialog.m in Sources */ = {isa = PBXBuildFile; fileRef = 5327A70E14E1825D006742D7 /* ASIAuthenticationDialog.m */; };
		5327A72414E1825D006742D7 /* ASIDataCompressor.m in Sources */ = {isa = PBXBuildFile; fileRef = 5327A71114E1825D006742D7 /* ASIDataCompressor.m */; };
		5327A72514E1825D006742D7 /* ASIDataDecompressor.m in Sources */ = {isa = PBXBuildFile; fileRef = 5327A71314E1825D006742D7 /* ASIDataDecompressor.m */; };
		5327A72614E1825D006742D7 /* ASIDownloadCache.m in Sources */ = {isa = PBXBuildFile; fileRef = 5327A71514E1825D006742D7 /* ASIDownloadCache.m */; };
		5327A72714E1825D006742D7 /* ASIFormDataRequest.m in Sources */ = {isa = PBXBuildFile; fileRef = 5327A71714E1825D006742D7 /* ASIFormDataRequest.m */; };
		5327A72814E1825D006742D7 /* ASIHTTPRequest.m in Sources */ = {isa = PBXBuildFile; fileRef = 5327A71914E1825D006742D7 /* ASIHTTPRequest.m */; };
		5327A72914E1825D006742D7 /* ASIInputStream.m in Sources */ = {isa = PBXBuildFile; fileRef = 5327A71D14E1825D006742D7 /* ASIInputStream.m */; };
		5327A72A14E1825D006742D7 /* ASINetworkQueue.m in Sources */ = {isa = PBXBuildFile; fileRef = 5327A71F14E1825D006742D7 /* ASINetworkQueue.m */; };
		5327A72B14E1825D006742D7 /* Reachability.m in Sources */ = {isa = PBXBuildFile; fileRef = 5327A72214E1825D006742D7 /* Reachability.m */; };
		5327A72D14E1828B006742D7 /* CFNetwork.framework in Frameworks */ = {isa = PBXBuildFile; fileRef = 5327A72C14E1828B006742D7 /* CFNetwork.framework */; };
		5327A72F14E182AD006742D7 /* SystemConfiguration.framework in Frameworks */ = {isa = PBXBuildFile; fileRef = 5327A72E14E182AD006742D7 /* SystemConfiguration.framework */; };
		5327A73114E182BA006742D7 /* MobileCoreServices.framework in Frameworks */ = {isa = PBXBuildFile; fileRef = 5327A73014E182BA006742D7 /* MobileCoreServices.framework */; };
		5327A73314E182F0006742D7 /* libz.dylib in Frameworks */ = {isa = PBXBuildFile; fileRef = 5327A73214E182F0006742D7 /* libz.dylib */; };
		5327A73614E1831F006742D7 /* SocketIO.m in Sources */ = {isa = PBXBuildFile; fileRef = 5327A73514E1831F006742D7 /* SocketIO.m */; };
		5327A74114E183A2006742D7 /* AsyncSocket Documentation.html in Resources */ = {isa = PBXBuildFile; fileRef = 5327A73914E183A2006742D7 /* AsyncSocket Documentation.html */; };
		5327A74214E183A2006742D7 /* AsyncSocket.m in Sources */ = {isa = PBXBuildFile; fileRef = 5327A73B14E183A2006742D7 /* AsyncSocket.m */; };
		5327A74314E183A2006742D7 /* AsyncUdpSocket.m in Sources */ = {isa = PBXBuildFile; fileRef = 5327A73D14E183A2006742D7 /* AsyncUdpSocket.m */; };
		5327A74414E183A2006742D7 /* changes.txt in Resources */ = {isa = PBXBuildFile; fileRef = 5327A73E14E183A2006742D7 /* changes.txt */; };
		5327A74514E183A2006742D7 /* WebSocket.m in Sources */ = {isa = PBXBuildFile; fileRef = 5327A74014E183A2006742D7 /* WebSocket.m */; };
		5327A74914E1840B006742D7 /* RegexKitLite.m in Sources */ = {isa = PBXBuildFile; fileRef = 5327A74814E1840B006742D7 /* RegexKitLite.m */; };
		5327A74B14E18432006742D7 /* libicucore.dylib in Frameworks */ = {isa = PBXBuildFile; fileRef = 5327A74A14E18432006742D7 /* libicucore.dylib */; };
		5327A76614E1847D006742D7 /* NSObject+SBJson.m in Sources */ = {isa = PBXBuildFile; fileRef = 5327A74E14E1847D006742D7 /* NSObject+SBJson.m */; };
		5327A76714E1847D006742D7 /* SBJsonParser.m in Sources */ = {isa = PBXBuildFile; fileRef = 5327A75114E1847D006742D7 /* SBJsonParser.m */; };
		5327A76814E1847D006742D7 /* SBJsonStreamParser.m in Sources */ = {isa = PBXBuildFile; fileRef = 5327A75314E1847D006742D7 /* SBJsonStreamParser.m */; };
		5327A76914E1847D006742D7 /* SBJsonStreamParserAccumulator.m in Sources */ = {isa = PBXBuildFile; fileRef = 5327A75514E1847D006742D7 /* SBJsonStreamParserAccumulator.m */; };
		5327A76A14E1847D006742D7 /* SBJsonStreamParserAdapter.m in Sources */ = {isa = PBXBuildFile; fileRef = 5327A75714E1847D006742D7 /* SBJsonStreamParserAdapter.m */; };
		5327A76B14E1847D006742D7 /* SBJsonStreamParserState.m in Sources */ = {isa = PBXBuildFile; fileRef = 5327A75914E1847D006742D7 /* SBJsonStreamParserState.m */; };
		5327A76C14E1847D006742D7 /* SBJsonStreamWriter.m in Sources */ = {isa = PBXBuildFile; fileRef = 5327A75B14E1847D006742D7 /* SBJsonStreamWriter.m */; };
		5327A76D14E1847D006742D7 /* SBJsonStreamWriterAccumulator.m in Sources */ = {isa = PBXBuildFile; fileRef = 5327A75D14E1847D006742D7 /* SBJsonStreamWriterAccumulator.m */; };
		5327A76E14E1847D006742D7 /* SBJsonStreamWriterState.m in Sources */ = {isa = PBXBuildFile; fileRef = 5327A75F14E1847D006742D7 /* SBJsonStreamWriterState.m */; };
		5327A76F14E1847D006742D7 /* SBJsonTokeniser.m in Sources */ = {isa = PBXBuildFile; fileRef = 5327A76114E1847D006742D7 /* SBJsonTokeniser.m */; };
		5327A77014E1847D006742D7 /* SBJsonUTF8Stream.m in Sources */ = {isa = PBXBuildFile; fileRef = 5327A76314E1847D006742D7 /* SBJsonUTF8Stream.m */; };
		5327A77114E1847D006742D7 /* SBJsonWriter.m in Sources */ = {isa = PBXBuildFile; fileRef = 5327A76514E1847D006742D7 /* SBJsonWriter.m */; };
/* End PBXBuildFile section */

/* Begin PBXFileReference section */
		5327A6EB14E180D7006742D7 /* IMCSample.app */ = {isa = PBXFileReference; explicitFileType = wrapper.application; includeInIndex = 0; path = IMCSample.app; sourceTree = BUILT_PRODUCTS_DIR; };
		5327A6EF14E180D7006742D7 /* UIKit.framework */ = {isa = PBXFileReference; lastKnownFileType = wrapper.framework; name = UIKit.framework; path = System/Library/Frameworks/UIKit.framework; sourceTree = SDKROOT; };
		5327A6F114E180D7006742D7 /* Foundation.framework */ = {isa = PBXFileReference; lastKnownFileType = wrapper.framework; name = Foundation.framework; path = System/Library/Frameworks/Foundation.framework; sourceTree = SDKROOT; };
		5327A6F314E180D7006742D7 /* CoreGraphics.framework */ = {isa = PBXFileReference; lastKnownFileType = wrapper.framework; name = CoreGraphics.framework; path = System/Library/Frameworks/CoreGraphics.framework; sourceTree = SDKROOT; };
		5327A6F714E180D7006742D7 /* IMCSample-Info.plist */ = {isa = PBXFileReference; lastKnownFileType = text.plist.xml; path = "IMCSample-Info.plist"; sourceTree = "<group>"; };
		5327A6F914E180D7006742D7 /* en */ = {isa = PBXFileReference; lastKnownFileType = text.plist.strings; name = en; path = en.lproj/InfoPlist.strings; sourceTree = "<group>"; };
		5327A6FB14E180D7006742D7 /* main.m */ = {isa = PBXFileReference; lastKnownFileType = sourcecode.c.objc; path = main.m; sourceTree = "<group>"; };
		5327A6FD14E180D7006742D7 /* IMCSample-Prefix.pch */ = {isa = PBXFileReference; lastKnownFileType = sourcecode.c.h; path = "IMCSample-Prefix.pch"; sourceTree = "<group>"; };
		5327A6FE14E180D7006742D7 /* AppDelegate.h */ = {isa = PBXFileReference; lastKnownFileType = sourcecode.c.h; path = AppDelegate.h; sourceTree = "<group>"; };
		5327A6FF14E180D7006742D7 /* AppDelegate.m */ = {isa = PBXFileReference; lastKnownFileType = sourcecode.c.objc; path = AppDelegate.m; sourceTree = "<group>"; };
		5327A70614E1812D006742D7 /* ViewController.h */ = {isa = PBXFileReference; fileEncoding = 4; lastKnownFileType = sourcecode.c.h; path = ViewController.h; sourceTree = "<group>"; };
		5327A70714E1812D006742D7 /* ViewController.m */ = {isa = PBXFileReference; fileEncoding = 4; lastKnownFileType = sourcecode.c.objc; path = ViewController.m; sourceTree = "<group>"; };
		5327A70814E1812D006742D7 /* ViewController.xib */ = {isa = PBXFileReference; fileEncoding = 4; lastKnownFileType = file.xib; path = ViewController.xib; sourceTree = "<group>"; };
		5327A70D14E1825D006742D7 /* ASIAuthenticationDialog.h */ = {isa = PBXFileReference; fileEncoding = 4; lastKnownFileType = sourcecode.c.h; path = ASIAuthenticationDialog.h; sourceTree = "<group>"; };
		5327A70E14E1825D006742D7 /* ASIAuthenticationDialog.m */ = {isa = PBXFileReference; fileEncoding = 4; lastKnownFileType = sourcecode.c.objc; path = ASIAuthenticationDialog.m; sourceTree = "<group>"; };
		5327A70F14E1825D006742D7 /* ASICacheDelegate.h */ = {isa = PBXFileReference; fileEncoding = 4; lastKnownFileType = sourcecode.c.h; path = ASICacheDelegate.h; sourceTree = "<group>"; };
		5327A71014E1825D006742D7 /* ASIDataCompressor.h */ = {isa = PBXFileReference; fileEncoding = 4; lastKnownFileType = sourcecode.c.h; path = ASIDataCompressor.h; sourceTree = "<group>"; };
		5327A71114E1825D006742D7 /* ASIDataCompressor.m */ = {isa = PBXFileReference; fileEncoding = 4; lastKnownFileType = sourcecode.c.objc; path = ASIDataCompressor.m; sourceTree = "<group>"; };
		5327A71214E1825D006742D7 /* ASIDataDecompressor.h */ = {isa = PBXFileReference; fileEncoding = 4; lastKnownFileType = sourcecode.c.h; path = ASIDataDecompressor.h; sourceTree = "<group>"; };
		5327A71314E1825D006742D7 /* ASIDataDecompressor.m */ = {isa = PBXFileReference; fileEncoding = 4; lastKnownFileType = sourcecode.c.objc; path = ASIDataDecompressor.m; sourceTree = "<group>"; };
		5327A71414E1825D006742D7 /* ASIDownloadCache.h */ = {isa = PBXFileReference; fileEncoding = 4; lastKnownFileType = sourcecode.c.h; path = ASIDownloadCache.h; sourceTree = "<group>"; };
		5327A71514E1825D006742D7 /* ASIDownloadCache.m */ = {isa = PBXFileReference; fileEncoding = 4; lastKnownFileType = sourcecode.c.objc; path = ASIDownloadCache.m; sourceTree = "<group>"; };
		5327A71614E1825D006742D7 /* ASIFormDataRequest.h */ = {isa = PBXFileReference; fileEncoding = 4; lastKnownFileType = sourcecode.c.h; path = ASIFormDataRequest.h; sourceTree = "<group>"; };
		5327A71714E1825D006742D7 /* ASIFormDataRequest.m */ = {isa = PBXFileReference; fileEncoding = 4; lastKnownFileType = sourcecode.c.objc; path = ASIFormDataRequest.m; sourceTree = "<group>"; };
		5327A71814E1825D006742D7 /* ASIHTTPRequest.h */ = {isa = PBXFileReference; fileEncoding = 4; lastKnownFileType = sourcecode.c.h; path = ASIHTTPRequest.h; sourceTree = "<group>"; };
		5327A71914E1825D006742D7 /* ASIHTTPRequest.m */ = {isa = PBXFileReference; fileEncoding = 4; lastKnownFileType = sourcecode.c.objc; path = ASIHTTPRequest.m; sourceTree = "<group>"; };
		5327A71A14E1825D006742D7 /* ASIHTTPRequestConfig.h */ = {isa = PBXFileReference; fileEncoding = 4; lastKnownFileType = sourcecode.c.h; path = ASIHTTPRequestConfig.h; sourceTree = "<group>"; };
		5327A71B14E1825D006742D7 /* ASIHTTPRequestDelegate.h */ = {isa = PBXFileReference; fileEncoding = 4; lastKnownFileType = sourcecode.c.h; path = ASIHTTPRequestDelegate.h; sourceTree = "<group>"; };
		5327A71C14E1825D006742D7 /* ASIInputStream.h */ = {isa = PBXFileReference; fileEncoding = 4; lastKnownFileType = sourcecode.c.h; path = ASIInputStream.h; sourceTree = "<group>"; };
		5327A71D14E1825D006742D7 /* ASIInputStream.m */ = {isa = PBXFileReference; fileEncoding = 4; lastKnownFileType = sourcecode.c.objc; path = ASIInputStream.m; sourceTree = "<group>"; };
		5327A71E14E1825D006742D7 /* ASINetworkQueue.h */ = {isa = PBXFileReference; fileEncoding = 4; lastKnownFileType = sourcecode.c.h; path = ASINetworkQueue.h; sourceTree = "<group>"; };
		5327A71F14E1825D006742D7 /* ASINetworkQueue.m */ = {isa = PBXFileReference; fileEncoding = 4; lastKnownFileType = sourcecode.c.objc; path = ASINetworkQueue.m; sourceTree = "<group>"; };
		5327A72014E1825D006742D7 /* ASIProgressDelegate.h */ = {isa = PBXFileReference; fileEncoding = 4; lastKnownFileType = sourcecode.c.h; path = ASIProgressDelegate.h; sourceTree = "<group>"; };
		5327A72114E1825D006742D7 /* Reachability.h */ = {isa = PBXFileReference; fileEncoding = 4; lastKnownFileType = sourcecode.c.h; path = Reachability.h; sourceTree = "<group>"; };
		5327A72214E1825D006742D7 /* Reachability.m */ = {isa = PBXFileReference; fileEncoding = 4; lastKnownFileType = sourcecode.c.objc; path = Reachability.m; sourceTree = "<group>"; };
		5327A72C14E1828B006742D7 /* CFNetwork.framework */ = {isa = PBXFileReference; lastKnownFileType = wrapper.framework; name = CFNetwork.framework; path = System/Library/Frameworks/CFNetwork.framework; sourceTree = SDKROOT; };
		5327A72E14E182AD006742D7 /* SystemConfiguration.framework */ = {isa = PBXFileReference; lastKnownFileType = wrapper.framework; name = SystemConfiguration.framework; path = System/Library/Frameworks/SystemConfiguration.framework; sourceTree = SDKROOT; };
		5327A73014E182BA006742D7 /* MobileCoreServices.framework */ = {isa = PBXFileReference; lastKnownFileType = wrapper.framework; name = MobileCoreServices.framework; path = System/Library/Frameworks/MobileCoreServices.framework; sourceTree = SDKROOT; };
		5327A73214E182F0006742D7 /* libz.dylib */ = {isa = PBXFileReference; lastKnownFileType = "compiled.mach-o.dylib"; name = libz.dylib; path = usr/lib/libz.dylib; sourceTree = SDKROOT; };
		5327A73414E1831F006742D7 /* SocketIO.h */ = {isa = PBXFileReference; fileEncoding = 4; lastKnownFileType = sourcecode.c.h; path = SocketIO.h; sourceTree = "<group>"; };
		5327A73514E1831F006742D7 /* SocketIO.m */ = {isa = PBXFileReference; fileEncoding = 4; lastKnownFileType = sourcecode.c.objc; path = SocketIO.m; sourceTree = "<group>"; };
		5327A73914E183A2006742D7 /* AsyncSocket Documentation.html */ = {isa = PBXFileReference; fileEncoding = 4; lastKnownFileType = text.html; path = "AsyncSocket Documentation.html"; sourceTree = "<group>"; };
		5327A73A14E183A2006742D7 /* AsyncSocket.h */ = {isa = PBXFileReference; fileEncoding = 4; lastKnownFileType = sourcecode.c.h; path = AsyncSocket.h; sourceTree = "<group>"; };
		5327A73B14E183A2006742D7 /* AsyncSocket.m */ = {isa = PBXFileReference; fileEncoding = 4; lastKnownFileType = sourcecode.c.objc; path = AsyncSocket.m; sourceTree = "<group>"; };
		5327A73C14E183A2006742D7 /* AsyncUdpSocket.h */ = {isa = PBXFileReference; fileEncoding = 4; lastKnownFileType = sourcecode.c.h; path = AsyncUdpSocket.h; sourceTree = "<group>"; };
		5327A73D14E183A2006742D7 /* AsyncUdpSocket.m */ = {isa = PBXFileReference; fileEncoding = 4; lastKnownFileType = sourcecode.c.objc; path = AsyncUdpSocket.m; sourceTree = "<group>"; };
		5327A73E14E183A2006742D7 /* changes.txt */ = {isa = PBXFileReference; fileEncoding = 4; lastKnownFileType = text; path = changes.txt; sourceTree = "<group>"; };
		5327A73F14E183A2006742D7 /* WebSocket.h */ = {isa = PBXFileReference; fileEncoding = 4; lastKnownFileType = sourcecode.c.h; path = WebSocket.h; sourceTree = "<group>"; };
		5327A74014E183A2006742D7 /* WebSocket.m */ = {isa = PBXFileReference; fileEncoding = 4; lastKnownFileType = sourcecode.c.objc; path = WebSocket.m; sourceTree = "<group>"; };
		5327A74714E1840B006742D7 /* RegexKitLite.h */ = {isa = PBXFileReference; fileEncoding = 4; lastKnownFileType = sourcecode.c.h; path = RegexKitLite.h; sourceTree = "<group>"; };
		5327A74814E1840B006742D7 /* RegexKitLite.m */ = {isa = PBXFileReference; fileEncoding = 4; lastKnownFileType = sourcecode.c.objc; path = RegexKitLite.m; sourceTree = "<group>"; };
		5327A74A14E18432006742D7 /* libicucore.dylib */ = {isa = PBXFileReference; lastKnownFileType = "compiled.mach-o.dylib"; name = libicucore.dylib; path = usr/lib/libicucore.dylib; sourceTree = SDKROOT; };
		5327A74D14E1847D006742D7 /* NSObject+SBJson.h */ = {isa = PBXFileReference; fileEncoding = 4; lastKnownFileType = sourcecode.c.h; path = "NSObject+SBJson.h"; sourceTree = "<group>"; };
		5327A74E14E1847D006742D7 /* NSObject+SBJson.m */ = {isa = PBXFileReference; fileEncoding = 4; lastKnownFileType = sourcecode.c.objc; path = "NSObject+SBJson.m"; sourceTree = "<group>"; };
		5327A74F14E1847D006742D7 /* SBJson.h */ = {isa = PBXFileReference; fileEncoding = 4; lastKnownFileType = sourcecode.c.h; path = SBJson.h; sourceTree = "<group>"; };
		5327A75014E1847D006742D7 /* SBJsonParser.h */ = {isa = PBXFileReference; fileEncoding = 4; lastKnownFileType = sourcecode.c.h; path = SBJsonParser.h; sourceTree = "<group>"; };
		5327A75114E1847D006742D7 /* SBJsonParser.m */ = {isa = PBXFileReference; fileEncoding = 4; lastKnownFileType = sourcecode.c.objc; path = SBJsonParser.m; sourceTree = "<group>"; };
		5327A75214E1847D006742D7 /* SBJsonStreamParser.h */ = {isa = PBXFileReference; fileEncoding = 4; lastKnownFileType = sourcecode.c.h; path = SBJsonStreamParser.h; sourceTree = "<group>"; };
		5327A75314E1847D006742D7 /* SBJsonStreamParser.m */ = {isa = PBXFileReference; fileEncoding = 4; lastKnownFileType = sourcecode.c.objc; path = SBJsonStreamParser.m; sourceTree = "<group>"; };
		5327A75414E1847D006742D7 /* SBJsonStreamParserAccumulator.h */ = {isa = PBXFileReference; fileEncoding = 4; lastKnownFileType = sourcecode.c.h; path = SBJsonStreamParserAccumulator.h; sourceTree = "<group>"; };
		5327A75514E1847D006742D7 /* SBJsonStreamParserAccumulator.m */ = {isa = PBXFileReference; fileEncoding = 4; lastKnownFileType = sourcecode.c.objc; path = SBJsonStreamParserAccumulator.m; sourceTree = "<group>"; };
		5327A75614E1847D006742D7 /* SBJsonStreamParserAdapter.h */ = {isa = PBXFileReference; fileEncoding = 4; lastKnownFileType = sourcecode.c.h; path = SBJsonStreamParserAdapter.h; sourceTree = "<group>"; };
		5327A75714E1847D006742D7 /* SBJsonStreamParserAdapter.m */ = {isa = PBXFileReference; fileEncoding = 4; lastKnownFileType = sourcecode.c.objc; path = SBJsonStreamParserAdapter.m; sourceTree = "<group>"; };
		5327A75814E1847D006742D7 /* SBJsonStreamParserState.h */ = {isa = PBXFileReference; fileEncoding = 4; lastKnownFileType = sourcecode.c.h; path = SBJsonStreamParserState.h; sourceTree = "<group>"; };
		5327A75914E1847D006742D7 /* SBJsonStreamParserState.m */ = {isa = PBXFileReference; fileEncoding = 4; lastKnownFileType = sourcecode.c.objc; path = SBJsonStreamParserState.m; sourceTree = "<group>"; };
		5327A75A14E1847D006742D7 /* SBJsonStreamWriter.h */ = {isa = PBXFileReference; fileEncoding = 4; lastKnownFileType = sourcecode.c.h; path = SBJsonStreamWriter.h; sourceTree = "<group>"; };
		5327A75B14E1847D006742D7 /* SBJsonStreamWriter.m */ = {isa = PBXFileReference; fileEncoding = 4; lastKnownFileType = sourcecode.c.objc; path = SBJsonStreamWriter.m; sourceTree = "<group>"; };
		5327A75C14E1847D006742D7 /* SBJsonStreamWriterAccumulator.h */ = {isa = PBXFileReference; fileEncoding = 4; lastKnownFileType = sourcecode.c.h; path = SBJsonStreamWriterAccumulator.h; sourceTree = "<group>"; };
		5327A75D14E1847D006742D7 /* SBJsonStreamWriterAccumulator.m */ = {isa = PBXFileReference; fileEncoding = 4; lastKnownFileType = sourcecode.c.objc; path = SBJsonStreamWriterAccumulator.m; sourceTree = "<group>"; };
		5327A75E14E1847D006742D7 /* SBJsonStreamWriterState.h */ = {isa = PBXFileReference; fileEncoding = 4; lastKnownFileType = sourcecode.c.h; path = SBJsonStreamWriterState.h; sourceTree = "<group>"; };
		5327A75F14E1847D006742D7 /* SBJsonStreamWriterState.m */ = {isa = PBXFileReference; fileEncoding = 4; lastKnownFileType = sourcecode.c.objc; path = SBJsonStreamWriterState.m; sourceTree = "<group>"; };
		5327A76014E1847D006742D7 /* SBJsonTokeniser.h */ = {isa = PBXFileReference; fileEncoding = 4; lastKnownFileType = sourcecode.c.h; path = SBJsonTokeniser.h; sourceTree = "<group>"; };
		5327A76114E1847D006742D7 /* SBJsonTokeniser.m */ = {isa = PBXFileReference; fileEncoding = 4; lastKnownFileType = sourcecode.c.objc; path = SBJsonTokeniser.m; sourceTree = "<group>"; };
		5327A76214E1847D006742D7 /* SBJsonUTF8Stream.h */ = {isa = PBXFileReference; fileEncoding = 4; lastKnownFileType = sourcecode.c.h; path = SBJsonUTF8Stream.h; sourceTree = "<group>"; };
		5327A76314E1847D006742D7 /* SBJsonUTF8Stream.m */ = {isa = PBXFileReference; fileEncoding = 4; lastKnownFileType = sourcecode.c.objc; path = SBJsonUTF8Stream.m; sourceTree = "<group>"; };
		5327A76414E1847D006742D7 /* SBJsonWriter.h */ = {isa = PBXFileReference; fileEncoding = 4; lastKnownFileType = sourcecode.c.h; path = SBJsonWriter.h; sourceTree = "<group>"; };
		5327A76514E1847D006742D7 /* SBJsonWriter.m */ = {isa = PBXFileReference; fileEncoding = 4; lastKnownFileType = sourcecode.c.objc; path = SBJsonWriter.m; sourceTree = "<group>"; };
/* End PBXFileReference section */

/* Begin PBXFrameworksBuildPhase section */
		5327A6E814E180D7006742D7 /* Frameworks */ = {
			isa = PBXFrameworksBuildPhase;
			buildActionMask = 2147483647;
			files = (
				5327A74B14E18432006742D7 /* libicucore.dylib in Frameworks */,
				5327A73314E182F0006742D7 /* libz.dylib in Frameworks */,
				5327A73114E182BA006742D7 /* MobileCoreServices.framework in Frameworks */,
				5327A72F14E182AD006742D7 /* SystemConfiguration.framework in Frameworks */,
				5327A72D14E1828B006742D7 /* CFNetwork.framework in Frameworks */,
				5327A6F014E180D7006742D7 /* UIKit.framework in Frameworks */,
				5327A6F214E180D7006742D7 /* Foundation.framework in Frameworks */,
				5327A6F414E180D7006742D7 /* CoreGraphics.framework in Frameworks */,
			);
			runOnlyForDeploymentPostprocessing = 0;
		};
/* End PBXFrameworksBuildPhase section */

/* Begin PBXGroup section */
		5327A6E014E180D7006742D7 = {
			isa = PBXGroup;
			children = (
				5327A6F514E180D7006742D7 /* IMCSample */,
				5327A6EE14E180D7006742D7 /* Frameworks */,
				5327A6EC14E180D7006742D7 /* Products */,
			);
			sourceTree = "<group>";
		};
		5327A6EC14E180D7006742D7 /* Products */ = {
			isa = PBXGroup;
			children = (
				5327A6EB14E180D7006742D7 /* IMCSample.app */,
			);
			name = Products;
			sourceTree = "<group>";
		};
		5327A6EE14E180D7006742D7 /* Frameworks */ = {
			isa = PBXGroup;
			children = (
				5327A74A14E18432006742D7 /* libicucore.dylib */,
				5327A73214E182F0006742D7 /* libz.dylib */,
				5327A73014E182BA006742D7 /* MobileCoreServices.framework */,
				5327A72E14E182AD006742D7 /* SystemConfiguration.framework */,
				5327A72C14E1828B006742D7 /* CFNetwork.framework */,
				5327A6EF14E180D7006742D7 /* UIKit.framework */,
				5327A6F114E180D7006742D7 /* Foundation.framework */,
				5327A6F314E180D7006742D7 /* CoreGraphics.framework */,
			);
			name = Frameworks;
			sourceTree = "<group>";
		};
		5327A6F514E180D7006742D7 /* IMCSample */ = {
			isa = PBXGroup;
			children = (
				5327A74C14E18443006742D7 /* json-framework */,
				5327A74614E183C4006742D7 /* RegexKitLite */,
				5327A73714E1832C006742D7 /* cocoa-websocket */,
				5327A70C14E18240006742D7 /* ASIHTTPRequest */,
				5327A70B14E181FD006742D7 /* socket.IO-objc */,
				5327A6FE14E180D7006742D7 /* AppDelegate.h */,
				5327A6FF14E180D7006742D7 /* AppDelegate.m */,
				5327A70614E1812D006742D7 /* ViewController.h */,
				5327A70714E1812D006742D7 /* ViewController.m */,
				5327A70814E1812D006742D7 /* ViewController.xib */,
				5327A6F614E180D7006742D7 /* Supporting Files */,
			);
			path = IMCSample;
			sourceTree = "<group>";
		};
		5327A6F614E180D7006742D7 /* Supporting Files */ = {
			isa = PBXGroup;
			children = (
				5327A6F714E180D7006742D7 /* IMCSample-Info.plist */,
				5327A6F814E180D7006742D7 /* InfoPlist.strings */,
				5327A6FB14E180D7006742D7 /* main.m */,
				5327A6FD14E180D7006742D7 /* IMCSample-Prefix.pch */,
			);
			name = "Supporting Files";
			sourceTree = "<group>";
		};
		5327A70B14E181FD006742D7 /* socket.IO-objc */ = {
			isa = PBXGroup;
			children = (
				5327A73414E1831F006742D7 /* SocketIO.h */,
				5327A73514E1831F006742D7 /* SocketIO.m */,
			);
			name = "socket.IO-objc";
			sourceTree = "<group>";
		};
		5327A70C14E18240006742D7 /* ASIHTTPRequest */ = {
			isa = PBXGroup;
			children = (
				5327A70D14E1825D006742D7 /* ASIAuthenticationDialog.h */,
				5327A70E14E1825D006742D7 /* ASIAuthenticationDialog.m */,
				5327A70F14E1825D006742D7 /* ASICacheDelegate.h */,
				5327A71014E1825D006742D7 /* ASIDataCompressor.h */,
				5327A71114E1825D006742D7 /* ASIDataCompressor.m */,
				5327A71214E1825D006742D7 /* ASIDataDecompressor.h */,
				5327A71314E1825D006742D7 /* ASIDataDecompressor.m */,
				5327A71414E1825D006742D7 /* ASIDownloadCache.h */,
				5327A71514E1825D006742D7 /* ASIDownloadCache.m */,
				5327A71614E1825D006742D7 /* ASIFormDataRequest.h */,
				5327A71714E1825D006742D7 /* ASIFormDataRequest.m */,
				5327A71814E1825D006742D7 /* ASIHTTPRequest.h */,
				5327A71914E1825D006742D7 /* ASIHTTPRequest.m */,
				5327A71A14E1825D006742D7 /* ASIHTTPRequestConfig.h */,
				5327A71B14E1825D006742D7 /* ASIHTTPRequestDelegate.h */,
				5327A71C14E1825D006742D7 /* ASIInputStream.h */,
				5327A71D14E1825D006742D7 /* ASIInputStream.m */,
				5327A71E14E1825D006742D7 /* ASINetworkQueue.h */,
				5327A71F14E1825D006742D7 /* ASINetworkQueue.m */,
				5327A72014E1825D006742D7 /* ASIProgressDelegate.h */,
				5327A72114E1825D006742D7 /* Reachability.h */,
				5327A72214E1825D006742D7 /* Reachability.m */,
			);
			name = ASIHTTPRequest;
			sourceTree = "<group>";
		};
		5327A73714E1832C006742D7 /* cocoa-websocket */ = {
			isa = PBXGroup;
			children = (
				5327A73814E183A2006742D7 /* AsyncSocket */,
				5327A73F14E183A2006742D7 /* WebSocket.h */,
				5327A74014E183A2006742D7 /* WebSocket.m */,
			);
			name = "cocoa-websocket";
			sourceTree = "<group>";
		};
		5327A73814E183A2006742D7 /* AsyncSocket */ = {
			isa = PBXGroup;
			children = (
				5327A73914E183A2006742D7 /* AsyncSocket Documentation.html */,
				5327A73A14E183A2006742D7 /* AsyncSocket.h */,
				5327A73B14E183A2006742D7 /* AsyncSocket.m */,
				5327A73C14E183A2006742D7 /* AsyncUdpSocket.h */,
				5327A73D14E183A2006742D7 /* AsyncUdpSocket.m */,
				5327A73E14E183A2006742D7 /* changes.txt */,
			);
			path = AsyncSocket;
			sourceTree = "<group>";
		};
		5327A74614E183C4006742D7 /* RegexKitLite */ = {
			isa = PBXGroup;
			children = (
				5327A74714E1840B006742D7 /* RegexKitLite.h */,
				5327A74814E1840B006742D7 /* RegexKitLite.m */,
			);
			name = RegexKitLite;
			sourceTree = "<group>";
		};
		5327A74C14E18443006742D7 /* json-framework */ = {
			isa = PBXGroup;
			children = (
				5327A74D14E1847D006742D7 /* NSObject+SBJson.h */,
				5327A74E14E1847D006742D7 /* NSObject+SBJson.m */,
				5327A74F14E1847D006742D7 /* SBJson.h */,
				5327A75014E1847D006742D7 /* SBJsonParser.h */,
				5327A75114E1847D006742D7 /* SBJsonParser.m */,
				5327A75214E1847D006742D7 /* SBJsonStreamParser.h */,
				5327A75314E1847D006742D7 /* SBJsonStreamParser.m */,
				5327A75414E1847D006742D7 /* SBJsonStreamParserAccumulator.h */,
				5327A75514E1847D006742D7 /* SBJsonStreamParserAccumulator.m */,
				5327A75614E1847D006742D7 /* SBJsonStreamParserAdapter.h */,
				5327A75714E1847D006742D7 /* SBJsonStreamParserAdapter.m */,
				5327A75814E1847D006742D7 /* SBJsonStreamParserState.h */,
				5327A75914E1847D006742D7 /* SBJsonStreamParserState.m */,
				5327A75A14E1847D006742D7 /* SBJsonStreamWriter.h */,
				5327A75B14E1847D006742D7 /* SBJsonStreamWriter.m */,
				5327A75C14E1847D006742D7 /* SBJsonStreamWriterAccumulator.h */,
				5327A75D14E1847D006742D7 /* SBJsonStreamWriterAccumulator.m */,
				5327A75E14E1847D006742D7 /* SBJsonStreamWriterState.h */,
				5327A75F14E1847D006742D7 /* SBJsonStreamWriterState.m */,
				5327A76014E1847D006742D7 /* SBJsonTokeniser.h */,
				5327A76114E1847D006742D7 /* SBJsonTokeniser.m */,
				5327A76214E1847D006742D7 /* SBJsonUTF8Stream.h */,
				5327A76314E1847D006742D7 /* SBJsonUTF8Stream.m */,
				5327A76414E1847D006742D7 /* SBJsonWriter.h */,
				5327A76514E1847D006742D7 /* SBJsonWriter.m */,
			);
			name = "json-framework";
			sourceTree = "<group>";
		};
/* End PBXGroup section */

/* Begin PBXNativeTarget section */
		5327A6EA14E180D7006742D7 /* IMCSample */ = {
			isa = PBXNativeTarget;
			buildConfigurationList = 5327A70314E180D7006742D7 /* Build configuration list for PBXNativeTarget "IMCSample" */;
			buildPhases = (
				5327A6E714E180D7006742D7 /* Sources */,
				5327A6E814E180D7006742D7 /* Frameworks */,
				5327A6E914E180D7006742D7 /* Resources */,
			);
			buildRules = (
			);
			dependencies = (
			);
			name = IMCSample;
			productName = IMCSample;
			productReference = 5327A6EB14E180D7006742D7 /* IMCSample.app */;
			productType = "com.apple.product-type.application";
		};
/* End PBXNativeTarget section */

/* Begin PBXProject section */
		5327A6E214E180D7006742D7 /* Project object */ = {
			isa = PBXProject;
			attributes = {
				LastUpgradeCheck = 0420;
			};
			buildConfigurationList = 5327A6E514E180D7006742D7 /* Build configuration list for PBXProject "IMCSample" */;
			compatibilityVersion = "Xcode 3.2";
			developmentRegion = English;
			hasScannedForEncodings = 0;
			knownRegions = (
				en,
			);
			mainGroup = 5327A6E014E180D7006742D7;
			productRefGroup = 5327A6EC14E180D7006742D7 /* Products */;
			projectDirPath = "";
			projectRoot = "";
			targets = (
				5327A6EA14E180D7006742D7 /* IMCSample */,
			);
		};
/* End PBXProject section */

/* Begin PBXResourcesBuildPhase section */
		5327A6E914E180D7006742D7 /* Resources */ = {
			isa = PBXResourcesBuildPhase;
			buildActionMask = 2147483647;
			files = (
				5327A6FA14E180D7006742D7 /* InfoPlist.strings in Resources */,
				5327A70A14E1812D006742D7 /* ViewController.xib in Resources */,
				5327A74114E183A2006742D7 /* AsyncSocket Documentation.html in Resources */,
				5327A74414E183A2006742D7 /* changes.txt in Resources */,
			);
			runOnlyForDeploymentPostprocessing = 0;
		};
/* End PBXResourcesBuildPhase section */

/* Begin PBXSourcesBuildPhase section */
		5327A6E714E180D7006742D7 /* Sources */ = {
			isa = PBXSourcesBuildPhase;
			buildActionMask = 2147483647;
			files = (
				5327A6FC14E180D7006742D7 /* main.m in Sources */,
				5327A70014E180D7006742D7 /* AppDelegate.m in Sources */,
				5327A70914E1812D006742D7 /* ViewController.m in Sources */,
				5327A72314E1825D006742D7 /* ASIAuthenticationDialog.m in Sources */,
				5327A72414E1825D006742D7 /* ASIDataCompressor.m in Sources */,
				5327A72514E1825D006742D7 /* ASIDataDecompressor.m in Sources */,
				5327A72614E1825D006742D7 /* ASIDownloadCache.m in Sources */,
				5327A72714E1825D006742D7 /* ASIFormDataRequest.m in Sources */,
				5327A72814E1825D006742D7 /* ASIHTTPRequest.m in Sources */,
				5327A72914E1825D006742D7 /* ASIInputStream.m in Sources */,
				5327A72A14E1825D006742D7 /* ASINetworkQueue.m in Sources */,
				5327A72B14E1825D006742D7 /* Reachability.m in Sources */,
				5327A73614E1831F006742D7 /* SocketIO.m in Sources */,
				5327A74214E183A2006742D7 /* AsyncSocket.m in Sources */,
				5327A74314E183A2006742D7 /* AsyncUdpSocket.m in Sources */,
				5327A74514E183A2006742D7 /* WebSocket.m in Sources */,
				5327A74914E1840B006742D7 /* RegexKitLite.m in Sources */,
				5327A76614E1847D006742D7 /* NSObject+SBJson.m in Sources */,
				5327A76714E1847D006742D7 /* SBJsonParser.m in Sources */,
				5327A76814E1847D006742D7 /* SBJsonStreamParser.m in Sources */,
				5327A76914E1847D006742D7 /* SBJsonStreamParserAccumulator.m in Sources */,
				5327A76A14E1847D006742D7 /* SBJsonStreamParserAdapter.m in Sources */,
				5327A76B14E1847D006742D7 /* SBJsonStreamParserState.m in Sources */,
				5327A76C14E1847D006742D7 /* SBJsonStreamWriter.m in Sources */,
				5327A76D14E1847D006742D7 /* SBJsonStreamWriterAccumulator.m in Sources */,
				5327A76E14E1847D006742D7 /* SBJsonStreamWriterState.m in Sources */,
				5327A76F14E1847D006742D7 /* SBJsonTokeniser.m in Sources */,
				5327A77014E1847D006742D7 /* SBJsonUTF8Stream.m in Sources */,
				5327A77114E1847D006742D7 /* SBJsonWriter.m in Sources */,
			);
			runOnlyForDeploymentPostprocessing = 0;
		};
/* End PBXSourcesBuildPhase section */

/* Begin PBXVariantGroup section */
		5327A6F814E180D7006742D7 /* InfoPlist.strings */ = {
			isa = PBXVariantGroup;
			children = (
				5327A6F914E180D7006742D7 /* en */,
			);
			name = InfoPlist.strings;
			sourceTree = "<group>";
		};
/* End PBXVariantGroup section */

/* Begin XCBuildConfiguration section */
		5327A70114E180D7006742D7 /* Debug */ = {
			isa = XCBuildConfiguration;
			buildSettings = {
				ALWAYS_SEARCH_USER_PATHS = NO;
				ARCHS = "$(ARCHS_STANDARD_32_BIT)";
				"CODE_SIGN_IDENTITY[sdk=iphoneos*]" = "iPhone Developer";
				COPY_PHASE_STRIP = NO;
				GCC_C_LANGUAGE_STANDARD = gnu99;
				GCC_DYNAMIC_NO_PIC = NO;
				GCC_OPTIMIZATION_LEVEL = 0;
				GCC_PREPROCESSOR_DEFINITIONS = (
					"DEBUG=1",
					"$(inherited)",
				);
				GCC_SYMBOLS_PRIVATE_EXTERN = NO;
				GCC_VERSION = com.apple.compilers.llvm.clang.1_0;
				GCC_WARN_ABOUT_MISSING_PROTOTYPES = YES;
				GCC_WARN_ABOUT_RETURN_TYPE = YES;
				GCC_WARN_UNUSED_VARIABLE = YES;
				IPHONEOS_DEPLOYMENT_TARGET = 5.0;
				SDKROOT = iphoneos;
			};
			name = Debug;
		};
		5327A70214E180D7006742D7 /* Release */ = {
			isa = XCBuildConfiguration;
			buildSettings = {
				ALWAYS_SEARCH_USER_PATHS = NO;
				ARCHS = "$(ARCHS_STANDARD_32_BIT)";
				"CODE_SIGN_IDENTITY[sdk=iphoneos*]" = "iPhone Developer";
				COPY_PHASE_STRIP = YES;
				GCC_C_LANGUAGE_STANDARD = gnu99;
				GCC_VERSION = com.apple.compilers.llvm.clang.1_0;
				GCC_WARN_ABOUT_MISSING_PROTOTYPES = YES;
				GCC_WARN_ABOUT_RETURN_TYPE = YES;
				GCC_WARN_UNUSED_VARIABLE = YES;
				IPHONEOS_DEPLOYMENT_TARGET = 5.0;
				OTHER_CFLAGS = "-DNS_BLOCK_ASSERTIONS=1";
				SDKROOT = iphoneos;
				VALIDATE_PRODUCT = YES;
			};
			name = Release;
		};
		5327A70414E180D7006742D7 /* Debug */ = {
			isa = XCBuildConfiguration;
			buildSettings = {
				GCC_PRECOMPILE_PREFIX_HEADER = YES;
				GCC_PREFIX_HEADER = "IMCSample/IMCSample-Prefix.pch";
				INFOPLIST_FILE = "IMCSample/IMCSample-Info.plist";
				PRODUCT_NAME = "$(TARGET_NAME)";
				WRAPPER_EXTENSION = app;
			};
			name = Debug;
		};
		5327A70514E180D7006742D7 /* Release */ = {
			isa = XCBuildConfiguration;
			buildSettings = {
				GCC_PRECOMPILE_PREFIX_HEADER = YES;
				GCC_PREFIX_HEADER = "IMCSample/IMCSample-Prefix.pch";
				INFOPLIST_FILE = "IMCSample/IMCSample-Info.plist";
				PRODUCT_NAME = "$(TARGET_NAME)";
				WRAPPER_EXTENSION = app;
			};
			name = Release;
		};
/* End XCBuildConfiguration section */

/* Begin XCConfigurationList section */
		5327A6E514E180D7006742D7 /* Build configuration list for PBXProject "IMCSample" */ = {
			isa = XCConfigurationList;
			buildConfigurations = (
				5327A70114E180D7006742D7 /* Debug */,
				5327A70214E180D7006742D7 /* Release */,
			);
			defaultConfigurationIsVisible = 0;
			defaultConfigurationName = Release;
		};
		5327A70314E180D7006742D7 /* Build configuration list for PBXNativeTarget "IMCSample" */ = {
			isa = XCConfigurationList;
			buildConfigurations = (
				5327A70414E180D7006742D7 /* Debug */,
				5327A70514E180D7006742D7 /* Release */,
			);
			defaultConfigurationIsVisible = 0;
		};
/* End XCConfigurationList section */
	};
	rootObject = 5327A6E214E180D7006742D7 /* Project object */;
}
